// !$*UTF8*$!
{
	archiveVersion = 1;
	classes = {
	};
	objectVersion = 46;
	objects = {

/* Begin PBXBuildFile section */
		AB1F84971D7A42D600141870 /* APIManager.swift in Sources */ = {isa = PBXBuildFile; fileRef = AB1F84961D7A42D600141870 /* APIManager.swift */; };
		AB1F849A1D7A544200141870 /* Constants.swift in Sources */ = {isa = PBXBuildFile; fileRef = AB1F84991D7A544200141870 /* Constants.swift */; };
		AB1F849C1D7A556600141870 /* MusicVideo.swift in Sources */ = {isa = PBXBuildFile; fileRef = AB1F849B1D7A556600141870 /* MusicVideo.swift */; };
		ABF7B40E1D7A365F00B40906 /* AppDelegate.swift in Sources */ = {isa = PBXBuildFile; fileRef = ABF7B40D1D7A365F00B40906 /* AppDelegate.swift */; };
		ABF7B4101D7A365F00B40906 /* ViewController.swift in Sources */ = {isa = PBXBuildFile; fileRef = ABF7B40F1D7A365F00B40906 /* ViewController.swift */; };
		ABF7B4131D7A365F00B40906 /* Main.storyboard in Resources */ = {isa = PBXBuildFile; fileRef = ABF7B4111D7A365F00B40906 /* Main.storyboard */; };
		ABF7B4151D7A365F00B40906 /* Assets.xcassets in Resources */ = {isa = PBXBuildFile; fileRef = ABF7B4141D7A365F00B40906 /* Assets.xcassets */; };
		ABF7B4181D7A365F00B40906 /* LaunchScreen.storyboard in Resources */ = {isa = PBXBuildFile; fileRef = ABF7B4161D7A365F00B40906 /* LaunchScreen.storyboard */; };
		ABF7B4231D7A365F00B40906 /* MusicVideoTests.swift in Sources */ = {isa = PBXBuildFile; fileRef = ABF7B4221D7A365F00B40906 /* MusicVideoTests.swift */; };
		ABF7B42E1D7A365F00B40906 /* MusicVideoUITests.swift in Sources */ = {isa = PBXBuildFile; fileRef = ABF7B42D1D7A365F00B40906 /* MusicVideoUITests.swift */; };
/* End PBXBuildFile section */

/* Begin PBXContainerItemProxy section */
		ABF7B41F1D7A365F00B40906 /* PBXContainerItemProxy */ = {
			isa = PBXContainerItemProxy;
			containerPortal = ABF7B4021D7A365F00B40906 /* Project object */;
			proxyType = 1;
			remoteGlobalIDString = ABF7B4091D7A365F00B40906;
			remoteInfo = MusicVideo;
		};
		ABF7B42A1D7A365F00B40906 /* PBXContainerItemProxy */ = {
			isa = PBXContainerItemProxy;
			containerPortal = ABF7B4021D7A365F00B40906 /* Project object */;
			proxyType = 1;
			remoteGlobalIDString = ABF7B4091D7A365F00B40906;
			remoteInfo = MusicVideo;
		};
/* End PBXContainerItemProxy section */

/* Begin PBXFileReference section */
		AB1F84961D7A42D600141870 /* APIManager.swift */ = {isa = PBXFileReference; fileEncoding = 4; lastKnownFileType = sourcecode.swift; path = APIManager.swift; sourceTree = "<group>"; };
		AB1F84991D7A544200141870 /* Constants.swift */ = {isa = PBXFileReference; fileEncoding = 4; lastKnownFileType = sourcecode.swift; path = Constants.swift; sourceTree = "<group>"; };
		AB1F849B1D7A556600141870 /* MusicVideo.swift */ = {isa = PBXFileReference; fileEncoding = 4; lastKnownFileType = sourcecode.swift; path = MusicVideo.swift; sourceTree = "<group>"; };
		ABF7B40A1D7A365F00B40906 /* MusicVideo.app */ = {isa = PBXFileReference; explicitFileType = wrapper.application; includeInIndex = 0; path = MusicVideo.app; sourceTree = BUILT_PRODUCTS_DIR; };
		ABF7B40D1D7A365F00B40906 /* AppDelegate.swift */ = {isa = PBXFileReference; lastKnownFileType = sourcecode.swift; path = AppDelegate.swift; sourceTree = "<group>"; };
		ABF7B40F1D7A365F00B40906 /* ViewController.swift */ = {isa = PBXFileReference; lastKnownFileType = sourcecode.swift; path = ViewController.swift; sourceTree = "<group>"; };
		ABF7B4121D7A365F00B40906 /* Base */ = {isa = PBXFileReference; lastKnownFileType = file.storyboard; name = Base; path = Base.lproj/Main.storyboard; sourceTree = "<group>"; };
		ABF7B4141D7A365F00B40906 /* Assets.xcassets */ = {isa = PBXFileReference; lastKnownFileType = folder.assetcatalog; path = Assets.xcassets; sourceTree = "<group>"; };
		ABF7B4171D7A365F00B40906 /* Base */ = {isa = PBXFileReference; lastKnownFileType = file.storyboard; name = Base; path = Base.lproj/LaunchScreen.storyboard; sourceTree = "<group>"; };
		ABF7B4191D7A365F00B40906 /* Info.plist */ = {isa = PBXFileReference; lastKnownFileType = text.plist.xml; path = Info.plist; sourceTree = "<group>"; };
		ABF7B41E1D7A365F00B40906 /* MusicVideoTests.xctest */ = {isa = PBXFileReference; explicitFileType = wrapper.cfbundle; includeInIndex = 0; path = MusicVideoTests.xctest; sourceTree = BUILT_PRODUCTS_DIR; };
		ABF7B4221D7A365F00B40906 /* MusicVideoTests.swift */ = {isa = PBXFileReference; lastKnownFileType = sourcecode.swift; path = MusicVideoTests.swift; sourceTree = "<group>"; };
		ABF7B4241D7A365F00B40906 /* Info.plist */ = {isa = PBXFileReference; lastKnownFileType = text.plist.xml; path = Info.plist; sourceTree = "<group>"; };
		ABF7B4291D7A365F00B40906 /* MusicVideoUITests.xctest */ = {isa = PBXFileReference; explicitFileType = wrapper.cfbundle; includeInIndex = 0; path = MusicVideoUITests.xctest; sourceTree = BUILT_PRODUCTS_DIR; };
		ABF7B42D1D7A365F00B40906 /* MusicVideoUITests.swift */ = {isa = PBXFileReference; lastKnownFileType = sourcecode.swift; path = MusicVideoUITests.swift; sourceTree = "<group>"; };
		ABF7B42F1D7A365F00B40906 /* Info.plist */ = {isa = PBXFileReference; lastKnownFileType = text.plist.xml; path = Info.plist; sourceTree = "<group>"; };
/* End PBXFileReference section */

/* Begin PBXFrameworksBuildPhase section */
		ABF7B4071D7A365F00B40906 /* Frameworks */ = {
			isa = PBXFrameworksBuildPhase;
			buildActionMask = 2147483647;
			files = (
			);
			runOnlyForDeploymentPostprocessing = 0;
		};
		ABF7B41B1D7A365F00B40906 /* Frameworks */ = {
			isa = PBXFrameworksBuildPhase;
			buildActionMask = 2147483647;
			files = (
			);
			runOnlyForDeploymentPostprocessing = 0;
		};
		ABF7B4261D7A365F00B40906 /* Frameworks */ = {
			isa = PBXFrameworksBuildPhase;
			buildActionMask = 2147483647;
			files = (
			);
			runOnlyForDeploymentPostprocessing = 0;
		};
/* End PBXFrameworksBuildPhase section */

/* Begin PBXGroup section */
		AB1F84921D7A3EBF00141870 /* Model */ = {
			isa = PBXGroup;
			children = (
				AB1F84961D7A42D600141870 /* APIManager.swift */,
				AB1F849B1D7A556600141870 /* MusicVideo.swift */,
			);
			name = Model;
			sourceTree = "<group>";
		};
		AB1F84931D7A3ED300141870 /* Controller */ = {
			isa = PBXGroup;
			children = (
				ABF7B40F1D7A365F00B40906 /* ViewController.swift */,
			);
			name = Controller;
			sourceTree = "<group>";
		};
		AB1F84941D7A3EDE00141870 /* View */ = {
			isa = PBXGroup;
			children = (
				ABF7B4111D7A365F00B40906 /* Main.storyboard */,
				ABF7B4161D7A365F00B40906 /* LaunchScreen.storyboard */,
			);
			name = View;
			sourceTree = "<group>";
		};
		AB1F84951D7A3EED00141870 /* Supporting Files */ = {
			isa = PBXGroup;
			children = (
				ABF7B4191D7A365F00B40906 /* Info.plist */,
				ABF7B4141D7A365F00B40906 /* Assets.xcassets */,
				ABF7B40D1D7A365F00B40906 /* AppDelegate.swift */,
			);
			name = "Supporting Files";
			sourceTree = "<group>";
		};
		AB1F84981D7A543000141870 /* Utils */ = {
			isa = PBXGroup;
			children = (
				AB1F84991D7A544200141870 /* Constants.swift */,
			);
			name = Utils;
			sourceTree = "<group>";
		};
		ABF7B4011D7A365F00B40906 = {
			isa = PBXGroup;
			children = (
				ABF7B40C1D7A365F00B40906 /* MusicVideo */,
				ABF7B4211D7A365F00B40906 /* MusicVideoTests */,
				ABF7B42C1D7A365F00B40906 /* MusicVideoUITests */,
				ABF7B40B1D7A365F00B40906 /* Products */,
			);
			sourceTree = "<group>";
		};
		ABF7B40B1D7A365F00B40906 /* Products */ = {
			isa = PBXGroup;
			children = (
				ABF7B40A1D7A365F00B40906 /* MusicVideo.app */,
				ABF7B41E1D7A365F00B40906 /* MusicVideoTests.xctest */,
				ABF7B4291D7A365F00B40906 /* MusicVideoUITests.xctest */,
			);
			name = Products;
			sourceTree = "<group>";
		};
		ABF7B40C1D7A365F00B40906 /* MusicVideo */ = {
			isa = PBXGroup;
			children = (
				AB1F84981D7A543000141870 /* Utils */,
				AB1F84941D7A3EDE00141870 /* View */,
				AB1F84931D7A3ED300141870 /* Controller */,
				AB1F84921D7A3EBF00141870 /* Model */,
				AB1F84951D7A3EED00141870 /* Supporting Files */,
			);
			path = MusicVideo;
			sourceTree = "<group>";
		};
		ABF7B4211D7A365F00B40906 /* MusicVideoTests */ = {
			isa = PBXGroup;
			children = (
				ABF7B4221D7A365F00B40906 /* MusicVideoTests.swift */,
				ABF7B4241D7A365F00B40906 /* Info.plist */,
			);
			path = MusicVideoTests;
			sourceTree = "<group>";
		};
		ABF7B42C1D7A365F00B40906 /* MusicVideoUITests */ = {
			isa = PBXGroup;
			children = (
				ABF7B42D1D7A365F00B40906 /* MusicVideoUITests.swift */,
				ABF7B42F1D7A365F00B40906 /* Info.plist */,
			);
			path = MusicVideoUITests;
			sourceTree = "<group>";
		};
/* End PBXGroup section */

/* Begin PBXNativeTarget section */
		ABF7B4091D7A365F00B40906 /* MusicVideo */ = {
			isa = PBXNativeTarget;
			buildConfigurationList = ABF7B4321D7A365F00B40906 /* Build configuration list for PBXNativeTarget "MusicVideo" */;
			buildPhases = (
				ABF7B4061D7A365F00B40906 /* Sources */,
				ABF7B4071D7A365F00B40906 /* Frameworks */,
				ABF7B4081D7A365F00B40906 /* Resources */,
			);
			buildRules = (
			);
			dependencies = (
			);
			name = MusicVideo;
			productName = MusicVideo;
			productReference = ABF7B40A1D7A365F00B40906 /* MusicVideo.app */;
			productType = "com.apple.product-type.application";
		};
		ABF7B41D1D7A365F00B40906 /* MusicVideoTests */ = {
			isa = PBXNativeTarget;
			buildConfigurationList = ABF7B4351D7A365F00B40906 /* Build configuration list for PBXNativeTarget "MusicVideoTests" */;
			buildPhases = (
				ABF7B41A1D7A365F00B40906 /* Sources */,
				ABF7B41B1D7A365F00B40906 /* Frameworks */,
				ABF7B41C1D7A365F00B40906 /* Resources */,
			);
			buildRules = (
			);
			dependencies = (
				ABF7B4201D7A365F00B40906 /* PBXTargetDependency */,
			);
			name = MusicVideoTests;
			productName = MusicVideoTests;
			productReference = ABF7B41E1D7A365F00B40906 /* MusicVideoTests.xctest */;
			productType = "com.apple.product-type.bundle.unit-test";
		};
		ABF7B4281D7A365F00B40906 /* MusicVideoUITests */ = {
			isa = PBXNativeTarget;
			buildConfigurationList = ABF7B4381D7A365F00B40906 /* Build configuration list for PBXNativeTarget "MusicVideoUITests" */;
			buildPhases = (
				ABF7B4251D7A365F00B40906 /* Sources */,
				ABF7B4261D7A365F00B40906 /* Frameworks */,
				ABF7B4271D7A365F00B40906 /* Resources */,
			);
			buildRules = (
			);
			dependencies = (
				ABF7B42B1D7A365F00B40906 /* PBXTargetDependency */,
			);
			name = MusicVideoUITests;
			productName = MusicVideoUITests;
			productReference = ABF7B4291D7A365F00B40906 /* MusicVideoUITests.xctest */;
			productType = "com.apple.product-type.bundle.ui-testing";
		};
/* End PBXNativeTarget section */

/* Begin PBXProject section */
		ABF7B4021D7A365F00B40906 /* Project object */ = {
			isa = PBXProject;
			attributes = {
				LastSwiftUpdateCheck = 0720;
				LastUpgradeCheck = 0720;
				ORGANIZATIONNAME = "Simon R Mableson";
				TargetAttributes = {
					ABF7B4091D7A365F00B40906 = {
						CreatedOnToolsVersion = 7.2.1;
						SystemCapabilities = {
							com.apple.Maps.iOS = {
								enabled = 0;
							};
						};
					};
					ABF7B41D1D7A365F00B40906 = {
						CreatedOnToolsVersion = 7.2.1;
						TestTargetID = ABF7B4091D7A365F00B40906;
					};
					ABF7B4281D7A365F00B40906 = {
						CreatedOnToolsVersion = 7.2.1;
						TestTargetID = ABF7B4091D7A365F00B40906;
					};
				};
			};
			buildConfigurationList = ABF7B4051D7A365F00B40906 /* Build configuration list for PBXProject "MusicVideo" */;
			compatibilityVersion = "Xcode 3.2";
			developmentRegion = English;
			hasScannedForEncodings = 0;
			knownRegions = (
				en,
				Base,
			);
			mainGroup = ABF7B4011D7A365F00B40906;
			productRefGroup = ABF7B40B1D7A365F00B40906 /* Products */;
			projectDirPath = "";
			projectRoot = "";
			targets = (
				ABF7B4091D7A365F00B40906 /* MusicVideo */,
				ABF7B41D1D7A365F00B40906 /* MusicVideoTests */,
				ABF7B4281D7A365F00B40906 /* MusicVideoUITests */,
			);
		};
/* End PBXProject section */

/* Begin PBXResourcesBuildPhase section */
		ABF7B4081D7A365F00B40906 /* Resources */ = {
			isa = PBXResourcesBuildPhase;
			buildActionMask = 2147483647;
			files = (
				ABF7B4181D7A365F00B40906 /* LaunchScreen.storyboard in Resources */,
				ABF7B4151D7A365F00B40906 /* Assets.xcassets in Resources */,
				ABF7B4131D7A365F00B40906 /* Main.storyboard in Resources */,
			);
			runOnlyForDeploymentPostprocessing = 0;
		};
		ABF7B41C1D7A365F00B40906 /* Resources */ = {
			isa = PBXResourcesBuildPhase;
			buildActionMask = 2147483647;
			files = (
			);
			runOnlyForDeploymentPostprocessing = 0;
		};
		ABF7B4271D7A365F00B40906 /* Resources */ = {
			isa = PBXResourcesBuildPhase;
			buildActionMask = 2147483647;
			files = (
			);
			runOnlyForDeploymentPostprocessing = 0;
		};
/* End PBXResourcesBuildPhase section */

/* Begin PBXSourcesBuildPhase section */
		ABF7B4061D7A365F00B40906 /* Sources */ = {
			isa = PBXSourcesBuildPhase;
			buildActionMask = 2147483647;
			files = (
				AB1F84971D7A42D600141870 /* APIManager.swift in Sources */,
				ABF7B4101D7A365F00B40906 /* ViewController.swift in Sources */,
				AB1F849C1D7A556600141870 /* MusicVideo.swift in Sources */,
				ABF7B40E1D7A365F00B40906 /* AppDelegate.swift in Sources */,
				AB1F849A1D7A544200141870 /* Constants.swift in Sources */,
			);
			runOnlyForDeploymentPostprocessing = 0;
		};
		ABF7B41A1D7A365F00B40906 /* Sources */ = {
			isa = PBXSourcesBuildPhase;
			buildActionMask = 2147483647;
			files = (
				ABF7B4231D7A365F00B40906 /* MusicVideoTests.swift in Sources */,
			);
			runOnlyForDeploymentPostprocessing = 0;
		};
		ABF7B4251D7A365F00B40906 /* Sources */ = {
			isa = PBXSourcesBuildPhase;
			buildActionMask = 2147483647;
			files = (
				ABF7B42E1D7A365F00B40906 /* MusicVideoUITests.swift in Sources */,
			);
			runOnlyForDeploymentPostprocessing = 0;
		};
/* End PBXSourcesBuildPhase section */

/* Begin PBXTargetDependency section */
		ABF7B4201D7A365F00B40906 /* PBXTargetDependency */ = {
			isa = PBXTargetDependency;
			target = ABF7B4091D7A365F00B40906 /* MusicVideo */;
			targetProxy = ABF7B41F1D7A365F00B40906 /* PBXContainerItemProxy */;
		};
		ABF7B42B1D7A365F00B40906 /* PBXTargetDependency */ = {
			isa = PBXTargetDependency;
			target = ABF7B4091D7A365F00B40906 /* MusicVideo */;
			targetProxy = ABF7B42A1D7A365F00B40906 /* PBXContainerItemProxy */;
		};
/* End PBXTargetDependency section */

/* Begin PBXVariantGroup section */
		ABF7B4111D7A365F00B40906 /* Main.storyboard */ = {
			isa = PBXVariantGroup;
			children = (
				ABF7B4121D7A365F00B40906 /* Base */,
			);
			name = Main.storyboard;
			sourceTree = "<group>";
		};
		ABF7B4161D7A365F00B40906 /* LaunchScreen.storyboard */ = {
			isa = PBXVariantGroup;
			children = (
				ABF7B4171D7A365F00B40906 /* Base */,
			);
			name = LaunchScreen.storyboard;
			sourceTree = "<group>";
		};
/* End PBXVariantGroup section */

/* Begin XCBuildConfiguration section */
		ABF7B4301D7A365F00B40906 /* Debug */ = {
			isa = XCBuildConfiguration;
			buildSettings = {
				ALWAYS_SEARCH_USER_PATHS = NO;
				CLANG_CXX_LANGUAGE_STANDARD = "gnu++0x";
				CLANG_CXX_LIBRARY = "libc++";
				CLANG_ENABLE_MODULES = YES;
				CLANG_ENABLE_OBJC_ARC = YES;
				CLANG_WARN_BOOL_CONVERSION = YES;
				CLANG_WARN_CONSTANT_CONVERSION = YES;
				CLANG_WARN_DIRECT_OBJC_ISA_USAGE = YES_ERROR;
				CLANG_WARN_EMPTY_BODY = YES;
				CLANG_WARN_ENUM_CONVERSION = YES;
				CLANG_WARN_INT_CONVERSION = YES;
				CLANG_WARN_OBJC_ROOT_CLASS = YES_ERROR;
				CLANG_WARN_UNREACHABLE_CODE = YES;
				CLANG_WARN__DUPLICATE_METHOD_MATCH = YES;
				"CODE_SIGN_IDENTITY[sdk=iphoneos*]" = "iPhone Developer";
				COPY_PHASE_STRIP = NO;
				DEBUG_INFORMATION_FORMAT = dwarf;
				ENABLE_STRICT_OBJC_MSGSEND = YES;
				ENABLE_TESTABILITY = YES;
				GCC_C_LANGUAGE_STANDARD = gnu99;
				GCC_DYNAMIC_NO_PIC = NO;
				GCC_NO_COMMON_BLOCKS = YES;
				GCC_OPTIMIZATION_LEVEL = 0;
				GCC_PREPROCESSOR_DEFINITIONS = (
					"DEBUG=1",
					"$(inherited)",
				);
				GCC_WARN_64_TO_32_BIT_CONVERSION = YES;
				GCC_WARN_ABOUT_RETURN_TYPE = YES_ERROR;
				GCC_WARN_UNDECLARED_SELECTOR = YES;
				GCC_WARN_UNINITIALIZED_AUTOS = YES_AGGRESSIVE;
				GCC_WARN_UNUSED_FUNCTION = YES;
				GCC_WARN_UNUSED_VARIABLE = YES;
				IPHONEOS_DEPLOYMENT_TARGET = 9.2;
				MTL_ENABLE_DEBUG_INFO = YES;
				ONLY_ACTIVE_ARCH = YES;
				SDKROOT = iphoneos;
				SWIFT_OPTIMIZATION_LEVEL = "-Onone";
				TARGETED_DEVICE_FAMILY = "1,2";
			};
			name = Debug;
		};
		ABF7B4311D7A365F00B40906 /* Release */ = {
			isa = XCBuildConfiguration;
			buildSettings = {
				ALWAYS_SEARCH_USER_PATHS = NO;
				CLANG_CXX_LANGUAGE_STANDARD = "gnu++0x";
				CLANG_CXX_LIBRARY = "libc++";
				CLANG_ENABLE_MODULES = YES;
				CLANG_ENABLE_OBJC_ARC = YES;
				CLANG_WARN_BOOL_CONVERSION = YES;
				CLANG_WARN_CONSTANT_CONVERSION = YES;
				CLANG_WARN_DIRECT_OBJC_ISA_USAGE = YES_ERROR;
				CLANG_WARN_EMPTY_BODY = YES;
				CLANG_WARN_ENUM_CONVERSION = YES;
				CLANG_WARN_INT_CONVERSION = YES;
				CLANG_WARN_OBJC_ROOT_CLASS = YES_ERROR;
				CLANG_WARN_UNREACHABLE_CODE = YES;
				CLANG_WARN__DUPLICATE_METHOD_MATCH = YES;
				"CODE_SIGN_IDENTITY[sdk=iphoneos*]" = "iPhone Developer";
				COPY_PHASE_STRIP = NO;
				DEBUG_INFORMATION_FORMAT = "dwarf-with-dsym";
				ENABLE_NS_ASSERTIONS = NO;
				ENABLE_STRICT_OBJC_MSGSEND = YES;
				GCC_C_LANGUAGE_STANDARD = gnu99;
				GCC_NO_COMMON_BLOCKS = YES;
				GCC_WARN_64_TO_32_BIT_CONVERSION = YES;
				GCC_WARN_ABOUT_RETURN_TYPE = YES_ERROR;
				GCC_WARN_UNDECLARED_SELECTOR = YES;
				GCC_WARN_UNINITIALIZED_AUTOS = YES_AGGRESSIVE;
				GCC_WARN_UNUSED_FUNCTION = YES;
				GCC_WARN_UNUSED_VARIABLE = YES;
				IPHONEOS_DEPLOYMENT_TARGET = 9.2;
				MTL_ENABLE_DEBUG_INFO = NO;
				SDKROOT = iphoneos;
				TARGETED_DEVICE_FAMILY = "1,2";
				VALIDATE_PRODUCT = YES;
			};
			name = Release;
		};
		ABF7B4331D7A365F00B40906 /* Debug */ = {
			isa = XCBuildConfiguration;
			buildSettings = {
				ASSETCATALOG_COMPILER_APPICON_NAME = AppIcon;
				INFOPLIST_FILE = MusicVideo/Info.plist;
				LD_RUNPATH_SEARCH_PATHS = "$(inherited) @executable_path/Frameworks";
				PRODUCT_BUNDLE_IDENTIFIER = com.mableson.MusicVideo;
				PRODUCT_NAME = "$(TARGET_NAME)";
			};
			name = Debug;
		};
		ABF7B4341D7A365F00B40906 /* Release */ = {
			isa = XCBuildConfiguration;
			buildSettings = {
				ASSETCATALOG_COMPILER_APPICON_NAME = AppIcon;
				INFOPLIST_FILE = MusicVideo/Info.plist;
				LD_RUNPATH_SEARCH_PATHS = "$(inherited) @executable_path/Frameworks";
				PRODUCT_BUNDLE_IDENTIFIER = com.mableson.MusicVideo;
				PRODUCT_NAME = "$(TARGET_NAME)";
			};
			name = Release;
		};
		ABF7B4361D7A365F00B40906 /* Debug */ = {
			isa = XCBuildConfiguration;
			buildSettings = {
				BUNDLE_LOADER = "$(TEST_HOST)";
				INFOPLIST_FILE = MusicVideoTests/Info.plist;
				LD_RUNPATH_SEARCH_PATHS = "$(inherited) @executable_path/Frameworks @loader_path/Frameworks";
				PRODUCT_BUNDLE_IDENTIFIER = com.mableson.MusicVideoTests;
				PRODUCT_NAME = "$(TARGET_NAME)";
				TEST_HOST = "$(BUILT_PRODUCTS_DIR)/MusicVideo.app/MusicVideo";
			};
			name = Debug;
		};
		ABF7B4371D7A365F00B40906 /* Release */ = {
			isa = XCBuildConfiguration;
			buildSettings = {
				BUNDLE_LOADER = "$(TEST_HOST)";
				INFOPLIST_FILE = MusicVideoTests/Info.plist;
				LD_RUNPATH_SEARCH_PATHS = "$(inherited) @executable_path/Frameworks @loader_path/Frameworks";
				PRODUCT_BUNDLE_IDENTIFIER = com.mableson.MusicVideoTests;
				PRODUCT_NAME = "$(TARGET_NAME)";
				TEST_HOST = "$(BUILT_PRODUCTS_DIR)/MusicVideo.app/MusicVideo";
			};
			name = Release;
		};
		ABF7B4391D7A365F00B40906 /* Debug */ = {
			isa = XCBuildConfiguration;
			buildSettings = {
				INFOPLIST_FILE = MusicVideoUITests/Info.plist;
				LD_RUNPATH_SEARCH_PATHS = "$(inherited) @executable_path/Frameworks @loader_path/Frameworks";
				PRODUCT_BUNDLE_IDENTIFIER = com.mableson.MusicVideoUITests;
				PRODUCT_NAME = "$(TARGET_NAME)";
				TEST_TARGET_NAME = MusicVideo;
				USES_XCTRUNNER = YES;
			};
			name = Debug;
		};
		ABF7B43A1D7A365F00B40906 /* Release */ = {
			isa = XCBuildConfiguration;
			buildSettings = {
				INFOPLIST_FILE = MusicVideoUITests/Info.plist;
				LD_RUNPATH_SEARCH_PATHS = "$(inherited) @executable_path/Frameworks @loader_path/Frameworks";
				PRODUCT_BUNDLE_IDENTIFIER = com.mableson.MusicVideoUITests;
				PRODUCT_NAME = "$(TARGET_NAME)";
				TEST_TARGET_NAME = MusicVideo;
				USES_XCTRUNNER = YES;
			};
			name = Release;
		};
/* End XCBuildConfiguration section */

/* Begin XCConfigurationList section */
		ABF7B4051D7A365F00B40906 /* Build configuration list for PBXProject "MusicVideo" */ = {
			isa = XCConfigurationList;
			buildConfigurations = (
				ABF7B4301D7A365F00B40906 /* Debug */,
				ABF7B4311D7A365F00B40906 /* Release */,
			);
			defaultConfigurationIsVisible = 0;
			defaultConfigurationName = Release;
		};
		ABF7B4321D7A365F00B40906 /* Build configuration list for PBXNativeTarget "MusicVideo" */ = {
			isa = XCConfigurationList;
			buildConfigurations = (
				ABF7B4331D7A365F00B40906 /* Debug */,
				ABF7B4341D7A365F00B40906 /* Release */,
			);
			defaultConfigurationIsVisible = 0;
			defaultConfigurationName = Release;
		};
		ABF7B4351D7A365F00B40906 /* Build configuration list for PBXNativeTarget "MusicVideoTests" */ = {
			isa = XCConfigurationList;
			buildConfigurations = (
				ABF7B4361D7A365F00B40906 /* Debug */,
				ABF7B4371D7A365F00B40906 /* Release */,
			);
			defaultConfigurationIsVisible = 0;
			defaultConfigurationName = Release;
		};
		ABF7B4381D7A365F00B40906 /* Build configuration list for PBXNativeTarget "MusicVideoUITests" */ = {
			isa = XCConfigurationList;
			buildConfigurations = (
				ABF7B4391D7A365F00B40906 /* Debug */,
				ABF7B43A1D7A365F00B40906 /* Release */,
			);
			defaultConfigurationIsVisible = 0;
			defaultConfigurationName = Release;
		};
/* End XCConfigurationList section */
	};
	rootObject = ABF7B4021D7A365F00B40906 /* Project object */;
}
